<?xml version="1.0" encoding="utf-8"?>
<Project ToolsVersion="4.0" xmlns="http://schemas.microsoft.com/developer/msbuild/2003">
  <ItemGroup>
    <Filter Include="Source Files">
      <UniqueIdentifier>{4FC737F1-C7A5-4376-A066-2A32D752A2FF}</UniqueIdentifier>
      <Extensions>cpp;c;cc;cxx;def;odl;idl;hpj;bat;asm;asmx</Extensions>
    </Filter>
    <Filter Include="Header Files">
      <UniqueIdentifier>{93995380-89BD-4b04-88EB-625FBE52EBFB}</UniqueIdentifier>
      <Extensions>h;hh;hpp;hxx;hm;inl;inc;xsd</Extensions>
    </Filter>
    <Filter Include="Resource Files">
      <UniqueIdentifier>{67DA6AB6-F800-4c08-8B7A-83BB121AAD01}</UniqueIdentifier>
      <Extensions>rc;ico;cur;bmp;dlg;rc2;rct;bin;rgs;gif;jpg;jpeg;jpe;resx;tiff;tif;png;wav;mfcribbon-ms</Extensions>
    </Filter>
    <Filter Include="Src">
      <UniqueIdentifier>{3a4e84bd-83cf-451d-9283-7438b72c3971}</UniqueIdentifier>
    </Filter>
  </ItemGroup>
  <ItemGroup>
    <ClInclude Include="bmpdata.h">
      <Filter>Src</Filter>
    </ClInclude>
    <ClInclude Include="ClChar.hpp">
      <Filter>Src</Filter>
    </ClInclude>
    <ClInclude Include="ClLevel.hpp">
      <Filter>Src</Filter>
    </ClInclude>
    <ClInclude Include="ClMap.hpp">
      <Filter>Src</Filter>
    </ClInclude>
    <ClInclude Include="ClMover.hpp">
      <Filter>Src</Filter>
    </ClInclude>
    <ClInclude Include="ClPlayer.hpp">
      <Filter>Src</Filter>
    </ClInclude>
    <ClInclude Include="ClScrObj.hpp">
      <Filter>Src</Filter>
    </ClInclude>
    <ClInclude Include="ClSprite.hpp">
      <Filter>Src</Filter>
    </ClInclude>
    <ClInclude Include="ClTerr.hpp">
      <Filter>Src</Filter>
    </ClInclude>
    <ClInclude Include="ClTextur.hpp">
      <Filter>Src</Filter>
    </ClInclude>
    <ClInclude Include="Common.hpp">
      <Filter>Src</Filter>
    </ClInclude>
    <ClInclude Include="DEFAULT.H">
      <Filter>Src</Filter>
    </ClInclude>
  </ItemGroup>
  <ItemGroup>
    <ClCompile Include="ClChar.cpp">
      <Filter>Src</Filter>
    </ClCompile>
    <ClCompile Include="ClLevel.cpp">
      <Filter>Src</Filter>
    </ClCompile>
    <ClCompile Include="ClMap.cpp">
      <Filter>Src</Filter>
    </ClCompile>
    <ClCompile Include="ClMove.cpp">
      <Filter>Src</Filter>
    </ClCompile>
    <ClCompile Include="ClMover.cpp">
      <Filter>Src</Filter>
    </ClCompile>
    <ClCompile Include="ClScrObj.cpp">
      <Filter>Src</Filter>
    </ClCompile>
    <ClCompile Include="ClSprite.cpp">
      <Filter>Src</Filter>
    </ClCompile>
    <ClCompile Include="ClTerr.cpp">
      <Filter>Src</Filter>
    </ClCompile>
    <ClCompile Include="ClTextur.cpp">
      <Filter>Src</Filter>
    </ClCompile>
    <ClCompile Include="Costanti.cpp">
      <Filter>Src</Filter>
    </ClCompile>
    <ClCompile Include="Engine.cpp">
      <Filter>Src</Filter>
    </ClCompile>
    <ClCompile Include="Engine01.cpp">
      <Filter>Src</Filter>
    </ClCompile>
    <ClCompile Include="ExLvlMak.cpp">
      <Filter>Src</Filter>
    </ClCompile>
    <ClCompile Include="GmMakDef.cpp">
      <Filter>Src</Filter>
    </ClCompile>
    <ClCompile Include="GmMakFun.cpp">
      <Filter>Src</Filter>
    </ClCompile>
    <ClCompile Include="KeyButt.c">
      <Filter>Src</Filter>
    </ClCompile>
    <ClCompile Include="LvlMaker.cpp">
      <Filter>Src</Filter>
    </ClCompile>
    <ClCompile Include="MainGam.cpp">
      <Filter>Src</Filter>
    </ClCompile>
    <ClCompile Include="NwLvlMak.cpp">
      <Filter>Src</Filter>
    </ClCompile>
    <ClCompile Include="Timer.cpp">
      <Filter>Src</Filter>
    </ClCompile>
  </ItemGroup>
</Project>