<?xml version="1.0" encoding="utf-8"?>
<Project ToolsVersion="4.0" xmlns="http://schemas.microsoft.com/developer/msbuild/2003">
  <ItemGroup>
    <Filter Include="Src">
      <UniqueIdentifier>{581449bc-8d48-4222-ac04-5a2098c5526e}</UniqueIdentifier>
    </Filter>
  </ItemGroup>
  <ItemGroup>
    <ClCompile Include="..\src\LvlMaker.cpp">
      <Filter>Src</Filter>
    </ClCompile>
  </ItemGroup>
</Project>